
Microsoft Visual Studio Solution File, Format Version 12.00
# Visual Studio Version 17
VisualStudioVersion = 17.1.32319.34
MinimumVisualStudioVersion = 10.0.40219.1
Project("{9A19103F-16F7-4668-BE54-9A1E7A4F7556}") = "MyChat App", "MyChat App\MyChat App.csproj", "{FCFF0245-3D95-427D-97E5-1361D4325B07}"
EndProject
Project("{9A19103F-16F7-4668-BE54-9A1E7A4F7556}") = "Domain", "Domain\Domain.csproj", "{BC8454C8-5511-4BB3-B316-B2DCC4BBDC0D}"
EndProject
Project("{9A19103F-16F7-4668-BE54-9A1E7A4F7556}") = "Infrastructure", "Infrastructure\Infrastructure.csproj", "{53CD767B-E30E-4AD8-A351-FDE88AE48ADA}"
EndProject
Project("{FAE04EC0-301F-11D3-BF4B-00C04F79EFBC}") = "Utilities", "Utilities\Utilities.csproj", "{45FBD2A4-99CF-4582-918D-A015A190768C}"
EndProject
Global
	GlobalSection(SolutionConfigurationPlatforms) = preSolution
		Debug|Any CPU = Debug|Any CPU
		Release|Any CPU = Release|Any CPU
	EndGlobalSection
	GlobalSection(ProjectConfigurationPlatforms) = postSolution
		{FCFF0245-3D95-427D-97E5-1361D4325B07}.Debug|Any CPU.ActiveCfg = Debug|Any CPU
		{FCFF0245-3D95-427D-97E5-1361D4325B07}.Debug|Any CPU.Build.0 = Debug|Any CPU
		{FCFF0245-3D95-427D-97E5-1361D4325B07}.Release|Any CPU.ActiveCfg = Release|Any CPU
		{FCFF0245-3D95-427D-97E5-1361D4325B07}.Release|Any CPU.Build.0 = Release|Any CPU
		{BC8454C8-5511-4BB3-B316-B2DCC4BBDC0D}.Debug|Any CPU.ActiveCfg = Debug|Any CPU
		{BC8454C8-5511-4BB3-B316-B2DCC4BBDC0D}.Debug|Any CPU.Build.0 = Debug|Any CPU
		{BC8454C8-5511-4BB3-B316-B2DCC4BBDC0D}.Release|Any CPU.ActiveCfg = Release|Any CPU
		{BC8454C8-5511-4BB3-B316-B2DCC4BBDC0D}.Release|Any CPU.Build.0 = Release|Any CPU
		{53CD767B-E30E-4AD8-A351-FDE88AE48ADA}.Debug|Any CPU.ActiveCfg = Debug|Any CPU
		{53CD767B-E30E-4AD8-A351-FDE88AE48ADA}.Debug|Any CPU.Build.0 = Debug|Any CPU
		{53CD767B-E30E-4AD8-A351-FDE88AE48ADA}.Release|Any CPU.ActiveCfg = Release|Any CPU
		{53CD767B-E30E-4AD8-A351-FDE88AE48ADA}.Release|Any CPU.Build.0 = Release|Any CPU
		{45FBD2A4-99CF-4582-918D-A015A190768C}.Debug|Any CPU.ActiveCfg = Debug|Any CPU
		{45FBD2A4-99CF-4582-918D-A015A190768C}.Debug|Any CPU.Build.0 = Debug|Any CPU
		{45FBD2A4-99CF-4582-918D-A015A190768C}.Release|Any CPU.ActiveCfg = Release|Any CPU
		{45FBD2A4-99CF-4582-918D-A015A190768C}.Release|Any CPU.Build.0 = Release|Any CPU
	EndGlobalSection
	GlobalSection(SolutionProperties) = preSolution
		HideSolutionNode = FALSE
	EndGlobalSection
	GlobalSection(ExtensibilityGlobals) = postSolution
		SolutionGuid = {BE0E9607-9B35-4E28-9015-4C3BA4A8E159}
	EndGlobalSection
EndGlobal
